
Microsoft Visual Studio Solution File, Format Version 12.00
# Visual Studio Version 17
VisualStudioVersion = 17.5.33516.290
MinimumVisualStudioVersion = 10.0.40219.1
Project("{FAE04EC0-301F-11D3-BF4B-00C04F79EFBC}") = "Project 1", "Project 1\Project 1.csproj", "{AB7351B8-9008-4F81-AAAB-1FE9FE02E664}"
EndProject
Global
	GlobalSection(SolutionConfigurationPlatforms) = preSolution
		Debug|Any CPU = Debug|Any CPU
		Release|Any CPU = Release|Any CPU
	EndGlobalSection
	GlobalSection(ProjectConfigurationPlatforms) = postSolution
		{AB7351B8-9008-4F81-AAAB-1FE9FE02E664}.Debug|Any CPU.ActiveCfg = Debug|Any CPU
		{AB7351B8-9008-4F81-AAAB-1FE9FE02E664}.Debug|Any CPU.Build.0 = Debug|Any CPU
		{AB7351B8-9008-4F81-AAAB-1FE9FE02E664}.Release|Any CPU.ActiveCfg = Release|Any CPU
		{AB7351B8-9008-4F81-AAAB-1FE9FE02E664}.Release|Any CPU.Build.0 = Release|Any CPU
	EndGlobalSection
	GlobalSection(SolutionProperties) = preSolution
		HideSolutionNode = FALSE
	EndGlobalSection
	GlobalSection(ExtensibilityGlobals) = postSolution
		EnterpriseLibraryConfigurationToolBinariesPathV6 = packages\EnterpriseLibrary.Common.6.0.1304.0\lib\NET45;packages\EnterpriseLibrary.Validation.6.0.1304.0\lib\NET45
		SolutionGuid = {1B177183-BBAB-4BA6-B623-320DA4C2F173}
	EndGlobalSection
EndGlobal
